
Microsoft Visual Studio Solution File, Format Version 12.00
# Visual Studio Version 17
VisualStudioVersion = 17.13.35828.75 d17.13
MinimumVisualStudioVersion = 10.0.40219.1
Project("{FAE04EC0-301F-11D3-BF4B-00C04F79EFBC}") = "52", "52\52.csproj", "{BC1EC802-BDD1-432D-9537-DDD8E91242DE}"
EndProject
Global
	GlobalSection(SolutionConfigurationPlatforms) = preSolution
		Debug|Any CPU = Debug|Any CPU
		Release|Any CPU = Release|Any CPU
	EndGlobalSection
	GlobalSection(ProjectConfigurationPlatforms) = postSolution
		{BC1EC802-BDD1-432D-9537-DDD8E91242DE}.Debug|Any CPU.ActiveCfg = Debug|Any CPU
		{BC1EC802-BDD1-432D-9537-DDD8E91242DE}.Debug|Any CPU.Build.0 = Debug|Any CPU
		{BC1EC802-BDD1-432D-9537-DDD8E91242DE}.Release|Any CPU.ActiveCfg = Release|Any CPU
		{BC1EC802-BDD1-432D-9537-DDD8E91242DE}.Release|Any CPU.Build.0 = Release|Any CPU
	EndGlobalSection
	GlobalSection(SolutionProperties) = preSolution
		HideSolutionNode = FALSE
	EndGlobalSection
	GlobalSection(ExtensibilityGlobals) = postSolution
		SolutionGuid = {F21151D6-C227-4BC9-BD0D-4102A0CA6FD4}
	EndGlobalSection
EndGlobal
